
Microsoft Visual Studio Solution File, Format Version 12.00
# Visual Studio 2012
Project("{FAE04EC0-301F-11D3-BF4B-00C04F79EFBC}") = "ModularPowerShell", "ModularPowerShell\ModularPowerShell.csproj", "{582FD7FF-27BC-4754-8360-92AD1F6604BF}"
EndProject
Project("{FAE04EC0-301F-11D3-BF4B-00C04F79EFBC}") = "ObservablePowerShell", "ObservablePowerShell\ObservablePowerShell.csproj", "{7E7C40BA-B60D-43FD-B51D-4224E37BD54C}"
EndProject
Global
	GlobalSection(SolutionConfigurationPlatforms) = preSolution
		Debug|Any CPU = Debug|Any CPU
		Release|Any CPU = Release|Any CPU
	EndGlobalSection
	GlobalSection(ProjectConfigurationPlatforms) = postSolution
		{582FD7FF-27BC-4754-8360-92AD1F6604BF}.Debug|Any CPU.ActiveCfg = Debug|Any CPU
		{582FD7FF-27BC-4754-8360-92AD1F6604BF}.Debug|Any CPU.Build.0 = Debug|Any CPU
		{582FD7FF-27BC-4754-8360-92AD1F6604BF}.Release|Any CPU.ActiveCfg = Release|Any CPU
		{582FD7FF-27BC-4754-8360-92AD1F6604BF}.Release|Any CPU.Build.0 = Release|Any CPU
		{7E7C40BA-B60D-43FD-B51D-4224E37BD54C}.Debug|Any CPU.ActiveCfg = Debug|Any CPU
		{7E7C40BA-B60D-43FD-B51D-4224E37BD54C}.Debug|Any CPU.Build.0 = Debug|Any CPU
		{7E7C40BA-B60D-43FD-B51D-4224E37BD54C}.Release|Any CPU.ActiveCfg = Release|Any CPU
		{7E7C40BA-B60D-43FD-B51D-4224E37BD54C}.Release|Any CPU.Build.0 = Release|Any CPU
	EndGlobalSection
	GlobalSection(SolutionProperties) = preSolution
		HideSolutionNode = FALSE
	EndGlobalSection
EndGlobal
