
Microsoft Visual Studio Solution File, Format Version 12.00
# Visual Studio 2012
Project("{2150E333-8FDC-42A3-9474-1A3956D46DE8}") = ".nuget", ".nuget", "{D2970EE3-7156-431D-8721-9022773130E9}"
	ProjectSection(SolutionItems) = preProject
		.nuget\7za.exe = .nuget\7za.exe
		.nuget\NuGet.Config = .nuget\NuGet.Config
		.nuget\NuGet.exe = .nuget\NuGet.exe
		.nuget\NuGet.targets = .nuget\NuGet.targets
	EndProjectSection
EndProject
Project("{FAE04EC0-301F-11D3-BF4B-00C04F79EFBC}") = "ModularPowerShell.PS2", "ModularPowerShell\ModularPowerShell.PS2.csproj", "{EDFC2CF0-26B5-4F09-8A77-63E8EB747F52}"
EndProject
Project("{FAE04EC0-301F-11D3-BF4B-00C04F79EFBC}") = "ModularInputsModule.PS2", "ModularInputsModule\ModularInputsModule.PS2.csproj", "{369AB15B-2668-4A18-BD3A-119D3930C8E7}"
EndProject
Project("{FAE04EC0-301F-11D3-BF4B-00C04F79EFBC}") = "ModularPowerShell.Specs.PS2", "ModularPowerShell.Specs\ModularPowerShell.Specs.PS2.csproj", "{AA6C161F-F6CD-4A55-9DF2-0AE0A3927C42}"
EndProject
Project("{FAE04EC0-301F-11D3-BF4B-00C04F79EFBC}") = "ModularInputsModule.PS3", "ModularInputsModule\ModularInputsModule.PS3.csproj", "{630C2C66-C908-467B-91CD-D161C02DDAD1}"
EndProject
Project("{FAE04EC0-301F-11D3-BF4B-00C04F79EFBC}") = "ModularPowerShell.PS3", "ModularPowerShell\ModularPowerShell.PS3.csproj", "{1E3C0FDD-FFE4-41E1-BF0B-404475F92D1A}"
EndProject
Project("{FAE04EC0-301F-11D3-BF4B-00C04F79EFBC}") = "Package", "Package\Package.csproj", "{E090899B-44A0-4496-A3B0-62A72BFF9E73}"
EndProject
Global
	GlobalSection(SolutionConfigurationPlatforms) = preSolution
		Debug|CLR2-x64 = Debug|CLR2-x64
		Debug|CLR2-x86 = Debug|CLR2-x86
		Debug|x64 = Debug|x64
		Debug|x86 = Debug|x86
		Release|CLR2-x64 = Release|CLR2-x64
		Release|CLR2-x86 = Release|CLR2-x86
		Release|x64 = Release|x64
		Release|x86 = Release|x86
	EndGlobalSection
	GlobalSection(ProjectConfigurationPlatforms) = postSolution
		{EDFC2CF0-26B5-4F09-8A77-63E8EB747F52}.Debug|CLR2-x64.ActiveCfg = Debug|x64
		{EDFC2CF0-26B5-4F09-8A77-63E8EB747F52}.Debug|CLR2-x64.Build.0 = Debug|x64
		{EDFC2CF0-26B5-4F09-8A77-63E8EB747F52}.Debug|CLR2-x86.ActiveCfg = Debug|x86
		{EDFC2CF0-26B5-4F09-8A77-63E8EB747F52}.Debug|CLR2-x86.Build.0 = Debug|x86
		{EDFC2CF0-26B5-4F09-8A77-63E8EB747F52}.Debug|x64.ActiveCfg = Debug|x64
		{EDFC2CF0-26B5-4F09-8A77-63E8EB747F52}.Debug|x86.ActiveCfg = Debug|x86
		{EDFC2CF0-26B5-4F09-8A77-63E8EB747F52}.Release|CLR2-x64.ActiveCfg = Release|x64
		{EDFC2CF0-26B5-4F09-8A77-63E8EB747F52}.Release|CLR2-x64.Build.0 = Release|x64
		{EDFC2CF0-26B5-4F09-8A77-63E8EB747F52}.Release|CLR2-x86.ActiveCfg = Release|x86
		{EDFC2CF0-26B5-4F09-8A77-63E8EB747F52}.Release|CLR2-x86.Build.0 = Release|x86
		{EDFC2CF0-26B5-4F09-8A77-63E8EB747F52}.Release|x64.ActiveCfg = Release|x64
		{EDFC2CF0-26B5-4F09-8A77-63E8EB747F52}.Release|x86.ActiveCfg = Release|x86
		{369AB15B-2668-4A18-BD3A-119D3930C8E7}.Debug|CLR2-x64.ActiveCfg = Debug|x64
		{369AB15B-2668-4A18-BD3A-119D3930C8E7}.Debug|CLR2-x64.Build.0 = Debug|x64
		{369AB15B-2668-4A18-BD3A-119D3930C8E7}.Debug|CLR2-x86.ActiveCfg = Debug|x86
		{369AB15B-2668-4A18-BD3A-119D3930C8E7}.Debug|CLR2-x86.Build.0 = Debug|x86
		{369AB15B-2668-4A18-BD3A-119D3930C8E7}.Debug|x64.ActiveCfg = Debug|x64
		{369AB15B-2668-4A18-BD3A-119D3930C8E7}.Debug|x86.ActiveCfg = Debug|x86
		{369AB15B-2668-4A18-BD3A-119D3930C8E7}.Release|CLR2-x64.ActiveCfg = Release|x64
		{369AB15B-2668-4A18-BD3A-119D3930C8E7}.Release|CLR2-x64.Build.0 = Release|x64
		{369AB15B-2668-4A18-BD3A-119D3930C8E7}.Release|CLR2-x86.ActiveCfg = Release|x86
		{369AB15B-2668-4A18-BD3A-119D3930C8E7}.Release|CLR2-x86.Build.0 = Release|x86
		{369AB15B-2668-4A18-BD3A-119D3930C8E7}.Release|x64.ActiveCfg = Release|x64
		{369AB15B-2668-4A18-BD3A-119D3930C8E7}.Release|x86.ActiveCfg = Release|x86
		{AA6C161F-F6CD-4A55-9DF2-0AE0A3927C42}.Debug|CLR2-x64.ActiveCfg = Debug|x64
		{AA6C161F-F6CD-4A55-9DF2-0AE0A3927C42}.Debug|CLR2-x64.Build.0 = Debug|x64
		{AA6C161F-F6CD-4A55-9DF2-0AE0A3927C42}.Debug|CLR2-x86.ActiveCfg = Debug|x86
		{AA6C161F-F6CD-4A55-9DF2-0AE0A3927C42}.Debug|CLR2-x86.Build.0 = Debug|x86
		{AA6C161F-F6CD-4A55-9DF2-0AE0A3927C42}.Debug|x64.ActiveCfg = Debug|x64
		{AA6C161F-F6CD-4A55-9DF2-0AE0A3927C42}.Debug|x86.ActiveCfg = Debug|x86
		{AA6C161F-F6CD-4A55-9DF2-0AE0A3927C42}.Release|CLR2-x64.ActiveCfg = Release|x64
		{AA6C161F-F6CD-4A55-9DF2-0AE0A3927C42}.Release|CLR2-x64.Build.0 = Release|x64
		{AA6C161F-F6CD-4A55-9DF2-0AE0A3927C42}.Release|CLR2-x86.ActiveCfg = Release|x86
		{AA6C161F-F6CD-4A55-9DF2-0AE0A3927C42}.Release|CLR2-x86.Build.0 = Release|x86
		{AA6C161F-F6CD-4A55-9DF2-0AE0A3927C42}.Release|x64.ActiveCfg = Release|x64
		{AA6C161F-F6CD-4A55-9DF2-0AE0A3927C42}.Release|x86.ActiveCfg = Release|x86
		{630C2C66-C908-467B-91CD-D161C02DDAD1}.Debug|CLR2-x64.ActiveCfg = Debug|x64
		{630C2C66-C908-467B-91CD-D161C02DDAD1}.Debug|CLR2-x86.ActiveCfg = Debug|x86
		{630C2C66-C908-467B-91CD-D161C02DDAD1}.Debug|x64.ActiveCfg = Debug|x64
		{630C2C66-C908-467B-91CD-D161C02DDAD1}.Debug|x64.Build.0 = Debug|x64
		{630C2C66-C908-467B-91CD-D161C02DDAD1}.Debug|x86.ActiveCfg = Debug|x86
		{630C2C66-C908-467B-91CD-D161C02DDAD1}.Debug|x86.Build.0 = Debug|x86
		{630C2C66-C908-467B-91CD-D161C02DDAD1}.Release|CLR2-x64.ActiveCfg = Release|x64
		{630C2C66-C908-467B-91CD-D161C02DDAD1}.Release|CLR2-x86.ActiveCfg = Release|x86
		{630C2C66-C908-467B-91CD-D161C02DDAD1}.Release|x64.ActiveCfg = Release|x64
		{630C2C66-C908-467B-91CD-D161C02DDAD1}.Release|x64.Build.0 = Release|x64
		{630C2C66-C908-467B-91CD-D161C02DDAD1}.Release|x86.ActiveCfg = Release|x86
		{630C2C66-C908-467B-91CD-D161C02DDAD1}.Release|x86.Build.0 = Release|x86
		{1E3C0FDD-FFE4-41E1-BF0B-404475F92D1A}.Debug|CLR2-x64.ActiveCfg = Debug|x64
		{1E3C0FDD-FFE4-41E1-BF0B-404475F92D1A}.Debug|CLR2-x86.ActiveCfg = Debug|x86
		{1E3C0FDD-FFE4-41E1-BF0B-404475F92D1A}.Debug|x64.ActiveCfg = Debug|x64
		{1E3C0FDD-FFE4-41E1-BF0B-404475F92D1A}.Debug|x64.Build.0 = Debug|x64
		{1E3C0FDD-FFE4-41E1-BF0B-404475F92D1A}.Debug|x86.ActiveCfg = Debug|x86
		{1E3C0FDD-FFE4-41E1-BF0B-404475F92D1A}.Debug|x86.Build.0 = Debug|x86
		{1E3C0FDD-FFE4-41E1-BF0B-404475F92D1A}.Release|CLR2-x64.ActiveCfg = Release|x64
		{1E3C0FDD-FFE4-41E1-BF0B-404475F92D1A}.Release|CLR2-x86.ActiveCfg = Release|x86
		{1E3C0FDD-FFE4-41E1-BF0B-404475F92D1A}.Release|x64.ActiveCfg = Release|x64
		{1E3C0FDD-FFE4-41E1-BF0B-404475F92D1A}.Release|x64.Build.0 = Release|x64
		{1E3C0FDD-FFE4-41E1-BF0B-404475F92D1A}.Release|x86.ActiveCfg = Release|x86
		{1E3C0FDD-FFE4-41E1-BF0B-404475F92D1A}.Release|x86.Build.0 = Release|x86
		{E090899B-44A0-4496-A3B0-62A72BFF9E73}.Debug|CLR2-x64.ActiveCfg = Debug|x86
		{E090899B-44A0-4496-A3B0-62A72BFF9E73}.Debug|CLR2-x86.ActiveCfg = Debug|x86
		{E090899B-44A0-4496-A3B0-62A72BFF9E73}.Debug|x64.ActiveCfg = Debug|x64
		{E090899B-44A0-4496-A3B0-62A72BFF9E73}.Debug|x86.ActiveCfg = Debug|x86
		{E090899B-44A0-4496-A3B0-62A72BFF9E73}.Debug|x86.Build.0 = Debug|x86
		{E090899B-44A0-4496-A3B0-62A72BFF9E73}.Release|CLR2-x64.ActiveCfg = Release|x64
		{E090899B-44A0-4496-A3B0-62A72BFF9E73}.Release|CLR2-x86.ActiveCfg = Release|x86
		{E090899B-44A0-4496-A3B0-62A72BFF9E73}.Release|x64.ActiveCfg = Release|x64
		{E090899B-44A0-4496-A3B0-62A72BFF9E73}.Release|x86.ActiveCfg = Release|x86
	EndGlobalSection
	GlobalSection(SolutionProperties) = preSolution
		HideSolutionNode = FALSE
	EndGlobalSection
	GlobalSection(ExtensibilityGlobals) = postSolution
		EnterpriseLibraryConfigurationToolBinariesPath = packages\Unity.2.1.505.2\lib\NET35
	EndGlobalSection
EndGlobal
